# This file is @generated by PDM.
# It is not intended for manual editing.

[metadata]
groups = ["default"]
strategy = ["inherit_metadata"]
lock_version = "4.5.0"
content_hash = "sha256:7e16fee10ffaf1bc79ab939d193afc7d266702675ac0230074435e77467871da"

[[metadata.targets]]
requires_python = ">=3.13"
